// !$*UTF8*$!
{
	archiveVersion = 1;
	classes = {
	};
	objectVersion = 46;
	objects = {

/* Begin PBXBuildFile section */
		4C5E9BC71D6D7A640062BB46 /* main.m in Sources */ = {isa = PBXBuildFile; fileRef = 4C5E9BC61D6D7A640062BB46 /* main.m */; };
		4C5E9BCA1D6D7A640062BB46 /* AppDelegate.m in Sources */ = {isa = PBXBuildFile; fileRef = 4C5E9BC91D6D7A640062BB46 /* AppDelegate.m */; };
		4C5E9BCD1D6D7A640062BB46 /* ViewController.m in Sources */ = {isa = PBXBuildFile; fileRef = 4C5E9BCC1D6D7A640062BB46 /* ViewController.m */; };
		4C5E9BD01D6D7A640062BB46 /* Main.storyboard in Resources */ = {isa = PBXBuildFile; fileRef = 4C5E9BCE1D6D7A640062BB46 /* Main.storyboard */; };
		4C5E9BD21D6D7A640062BB46 /* Assets.xcassets in Resources */ = {isa = PBXBuildFile; fileRef = 4C5E9BD11D6D7A640062BB46 /* Assets.xcassets */; };
		4C5E9BD51D6D7A640062BB46 /* LaunchScreen.storyboard in Resources */ = {isa = PBXBuildFile; fileRef = 4C5E9BD31D6D7A640062BB46 /* LaunchScreen.storyboard */; };
/* End PBXBuildFile section */

/* Begin PBXFileReference section */
		4C5E9BC21D6D7A640062BB46 /* MCConstantsExample.app */ = {isa = PBXFileReference; explicitFileType = wrapper.application; includeInIndex = 0; path = MCConstantsExample.app; sourceTree = BUILT_PRODUCTS_DIR; };
		4C5E9BC61D6D7A640062BB46 /* main.m */ = {isa = PBXFileReference; lastKnownFileType = sourcecode.c.objc; path = main.m; sourceTree = "<group>"; };
		4C5E9BC81D6D7A640062BB46 /* AppDelegate.h */ = {isa = PBXFileReference; lastKnownFileType = sourcecode.c.h; path = AppDelegate.h; sourceTree = "<group>"; };
		4C5E9BC91D6D7A640062BB46 /* AppDelegate.m */ = {isa = PBXFileReference; lastKnownFileType = sourcecode.c.objc; path = AppDelegate.m; sourceTree = "<group>"; };
		4C5E9BCB1D6D7A640062BB46 /* ViewController.h */ = {isa = PBXFileReference; lastKnownFileType = sourcecode.c.h; path = ViewController.h; sourceTree = "<group>"; };
		4C5E9BCC1D6D7A640062BB46 /* ViewController.m */ = {isa = PBXFileReference; lastKnownFileType = sourcecode.c.objc; path = ViewController.m; sourceTree = "<group>"; };
		4C5E9BCF1D6D7A640062BB46 /* Base */ = {isa = PBXFileReference; lastKnownFileType = file.storyboard; name = Base; path = Base.lproj/Main.storyboard; sourceTree = "<group>"; };
		4C5E9BD11D6D7A640062BB46 /* Assets.xcassets */ = {isa = PBXFileReference; lastKnownFileType = folder.assetcatalog; path = Assets.xcassets; sourceTree = "<group>"; };
		4C5E9BD41D6D7A640062BB46 /* Base */ = {isa = PBXFileReference; lastKnownFileType = file.storyboard; name = Base; path = Base.lproj/LaunchScreen.storyboard; sourceTree = "<group>"; };
		4C5E9BD61D6D7A640062BB46 /* Info.plist */ = {isa = PBXFileReference; lastKnownFileType = text.plist.xml; path = Info.plist; sourceTree = "<group>"; };
		4C7B53661D6D7A7D00028201 /* MCConstants.h */ = {isa = PBXFileReference; fileEncoding = 4; lastKnownFileType = sourcecode.c.h; path = MCConstants.h; sourceTree = "<group>"; };
/* End PBXFileReference section */

/* Begin PBXFrameworksBuildPhase section */
		4C5E9BBF1D6D7A640062BB46 /* Frameworks */ = {
			isa = PBXFrameworksBuildPhase;
			buildActionMask = 2147483647;
			files = (
			);
			runOnlyForDeploymentPostprocessing = 0;
		};
/* End PBXFrameworksBuildPhase section */

/* Begin PBXGroup section */
		4C5E9BB91D6D7A640062BB46 = {
			isa = PBXGroup;
			children = (
				4C7B53651D6D7A7D00028201 /* Classes */,
				4C5E9BC41D6D7A640062BB46 /* MCConstantsExample */,
				4C5E9BC31D6D7A640062BB46 /* Products */,
			);
			sourceTree = "<group>";
		};
		4C5E9BC31D6D7A640062BB46 /* Products */ = {
			isa = PBXGroup;
			children = (
				4C5E9BC21D6D7A640062BB46 /* MCConstantsExample.app */,
			);
			name = Products;
			sourceTree = "<group>";
		};
		4C5E9BC41D6D7A640062BB46 /* MCConstantsExample */ = {
			isa = PBXGroup;
			children = (
				4C5E9BC81D6D7A640062BB46 /* AppDelegate.h */,
				4C5E9BC91D6D7A640062BB46 /* AppDelegate.m */,
				4C5E9BCB1D6D7A640062BB46 /* ViewController.h */,
				4C5E9BCC1D6D7A640062BB46 /* ViewController.m */,
				4C5E9BCE1D6D7A640062BB46 /* Main.storyboard */,
				4C5E9BD11D6D7A640062BB46 /* Assets.xcassets */,
				4C5E9BD31D6D7A640062BB46 /* LaunchScreen.storyboard */,
				4C5E9BD61D6D7A640062BB46 /* Info.plist */,
				4C5E9BC51D6D7A640062BB46 /* Supporting Files */,
			);
			path = MCConstantsExample;
			sourceTree = "<group>";
		};
		4C5E9BC51D6D7A640062BB46 /* Supporting Files */ = {
			isa = PBXGroup;
			children = (
				4C5E9BC61D6D7A640062BB46 /* main.m */,
			);
			name = "Supporting Files";
			sourceTree = "<group>";
		};
		4C7B53651D6D7A7D00028201 /* Classes */ = {
			isa = PBXGroup;
			children = (
				4C7B53661D6D7A7D00028201 /* MCConstants.h */,
			);
			name = Classes;
			path = ../Classes;
			sourceTree = "<group>";
		};
/* End PBXGroup section */

/* Begin PBXNativeTarget section */
		4C5E9BC11D6D7A640062BB46 /* MCConstantsExample */ = {
			isa = PBXNativeTarget;
			buildConfigurationList = 4C5E9BD91D6D7A640062BB46 /* Build configuration list for PBXNativeTarget "MCConstantsExample" */;
			buildPhases = (
				4C5E9BBE1D6D7A640062BB46 /* Sources */,
				4C5E9BBF1D6D7A640062BB46 /* Frameworks */,
				4C5E9BC01D6D7A640062BB46 /* Resources */,
			);
			buildRules = (
			);
			dependencies = (
			);
			name = MCConstantsExample;
			productName = MCConstantsExample;
			productReference = 4C5E9BC21D6D7A640062BB46 /* MCConstantsExample.app */;
			productType = "com.apple.product-type.application";
		};
/* End PBXNativeTarget section */

/* Begin PBXProject section */
		4C5E9BBA1D6D7A640062BB46 /* Project object */ = {
			isa = PBXProject;
			attributes = {
				LastUpgradeCheck = 0730;
				ORGANIZATIONNAME = "iMegatron's Lab";
				TargetAttributes = {
					4C5E9BC11D6D7A640062BB46 = {
						CreatedOnToolsVersion = 7.3.1;
					};
				};
			};
			buildConfigurationList = 4C5E9BBD1D6D7A640062BB46 /* Build configuration list for PBXProject "MCConstantsExample" */;
			compatibilityVersion = "Xcode 3.2";
			developmentRegion = English;
			hasScannedForEncodings = 0;
			knownRegions = (
				en,
				Base,
			);
			mainGroup = 4C5E9BB91D6D7A640062BB46;
			productRefGroup = 4C5E9BC31D6D7A640062BB46 /* Products */;
			projectDirPath = "";
			projectRoot = "";
			targets = (
				4C5E9BC11D6D7A640062BB46 /* MCConstantsExample */,
			);
		};
/* End PBXProject section */

/* Begin PBXResourcesBuildPhase section */
		4C5E9BC01D6D7A640062BB46 /* Resources */ = {
			isa = PBXResourcesBuildPhase;
			buildActionMask = 2147483647;
			files = (
				4C5E9BD51D6D7A640062BB46 /* LaunchScreen.storyboard in Resources */,
				4C5E9BD21D6D7A640062BB46 /* Assets.xcassets in Resources */,
				4C5E9BD01D6D7A640062BB46 /* Main.storyboard in Resources */,
			);
			runOnlyForDeploymentPostprocessing = 0;
		};
/* End PBXResourcesBuildPhase section */

/* Begin PBXSourcesBuildPhase section */
		4C5E9BBE1D6D7A640062BB46 /* Sources */ = {
			isa = PBXSourcesBuildPhase;
			buildActionMask = 2147483647;
			files = (
				4C5E9BCD1D6D7A640062BB46 /* ViewController.m in Sources */,
				4C5E9BCA1D6D7A640062BB46 /* AppDelegate.m in Sources */,
				4C5E9BC71D6D7A640062BB46 /* main.m in Sources */,
			);
			runOnlyForDeploymentPostprocessing = 0;
		};
/* End PBXSourcesBuildPhase section */

/* Begin PBXVariantGroup section */
		4C5E9BCE1D6D7A640062BB46 /* Main.storyboard */ = {
			isa = PBXVariantGroup;
			children = (
				4C5E9BCF1D6D7A640062BB46 /* Base */,
			);
			name = Main.storyboard;
			sourceTree = "<group>";
		};
		4C5E9BD31D6D7A640062BB46 /* LaunchScreen.storyboard */ = {
			isa = PBXVariantGroup;
			children = (
				4C5E9BD41D6D7A640062BB46 /* Base */,
			);
			name = LaunchScreen.storyboard;
			sourceTree = "<group>";
		};
/* End PBXVariantGroup section */

/* Begin XCBuildConfiguration section */
		4C5E9BD71D6D7A640062BB46 /* Debug */ = {
			isa = XCBuildConfiguration;
			buildSettings = {
				ALWAYS_SEARCH_USER_PATHS = NO;
				CLANG_ANALYZER_NONNULL = YES;
				CLANG_CXX_LANGUAGE_STANDARD = "gnu++0x";
				CLANG_CXX_LIBRARY = "libc++";
				CLANG_ENABLE_MODULES = YES;
				CLANG_ENABLE_OBJC_ARC = YES;
				CLANG_WARN_BOOL_CONVERSION = YES;
				CLANG_WARN_CONSTANT_CONVERSION = YES;
				CLANG_WARN_DIRECT_OBJC_ISA_USAGE = YES_ERROR;
				CLANG_WARN_EMPTY_BODY = YES;
				CLANG_WARN_ENUM_CONVERSION = YES;
				CLANG_WARN_INT_CONVERSION = YES;
				CLANG_WARN_OBJC_ROOT_CLASS = YES_ERROR;
				CLANG_WARN_UNREACHABLE_CODE = YES;
				CLANG_WARN__DUPLICATE_METHOD_MATCH = YES;
				"CODE_SIGN_IDENTITY[sdk=iphoneos*]" = "iPhone Developer";
				COPY_PHASE_STRIP = NO;
				DEBUG_INFORMATION_FORMAT = dwarf;
				ENABLE_STRICT_OBJC_MSGSEND = YES;
				ENABLE_TESTABILITY = YES;
				GCC_C_LANGUAGE_STANDARD = gnu99;
				GCC_DYNAMIC_NO_PIC = NO;
				GCC_NO_COMMON_BLOCKS = YES;
				GCC_OPTIMIZATION_LEVEL = 0;
				GCC_PREPROCESSOR_DEFINITIONS = (
					"DEBUG=1",
					"$(inherited)",
				);
				GCC_WARN_64_TO_32_BIT_CONVERSION = YES;
				GCC_WARN_ABOUT_RETURN_TYPE = YES_ERROR;
				GCC_WARN_UNDECLARED_SELECTOR = YES;
				GCC_WARN_UNINITIALIZED_AUTOS = YES_AGGRESSIVE;
				GCC_WARN_UNUSED_FUNCTION = YES;
				GCC_WARN_UNUSED_VARIABLE = YES;
				IPHONEOS_DEPLOYMENT_TARGET = 9.3;
				MTL_ENABLE_DEBUG_INFO = YES;
				ONLY_ACTIVE_ARCH = YES;
				SDKROOT = iphoneos;
			};
			name = Debug;
		};
		4C5E9BD81D6D7A640062BB46 /* Release */ = {
			isa = XCBuildConfiguration;
			buildSettings = {
				ALWAYS_SEARCH_USER_PATHS = NO;
				CLANG_ANALYZER_NONNULL = YES;
				CLANG_CXX_LANGUAGE_STANDARD = "gnu++0x";
				CLANG_CXX_LIBRARY = "libc++";
				CLANG_ENABLE_MODULES = YES;
				CLANG_ENABLE_OBJC_ARC = YES;
				CLANG_WARN_BOOL_CONVERSION = YES;
				CLANG_WARN_CONSTANT_CONVERSION = YES;
				CLANG_WARN_DIRECT_OBJC_ISA_USAGE = YES_ERROR;
				CLANG_WARN_EMPTY_BODY = YES;
				CLANG_WARN_ENUM_CONVERSION = YES;
				CLANG_WARN_INT_CONVERSION = YES;
				CLANG_WARN_OBJC_ROOT_CLASS = YES_ERROR;
				CLANG_WARN_UNREACHABLE_CODE = YES;
				CLANG_WARN__DUPLICATE_METHOD_MATCH = YES;
				"CODE_SIGN_IDENTITY[sdk=iphoneos*]" = "iPhone Developer";
				COPY_PHASE_STRIP = NO;
				DEBUG_INFORMATION_FORMAT = "dwarf-with-dsym";
				ENABLE_NS_ASSERTIONS = NO;
				ENABLE_STRICT_OBJC_MSGSEND = YES;
				GCC_C_LANGUAGE_STANDARD = gnu99;
				GCC_NO_COMMON_BLOCKS = YES;
				GCC_WARN_64_TO_32_BIT_CONVERSION = YES;
				GCC_WARN_ABOUT_RETURN_TYPE = YES_ERROR;
				GCC_WARN_UNDECLARED_SELECTOR = YES;
				GCC_WARN_UNINITIALIZED_AUTOS = YES_AGGRESSIVE;
				GCC_WARN_UNUSED_FUNCTION = YES;
				GCC_WARN_UNUSED_VARIABLE = YES;
				IPHONEOS_DEPLOYMENT_TARGET = 9.3;
				MTL_ENABLE_DEBUG_INFO = NO;
				SDKROOT = iphoneos;
				VALIDATE_PRODUCT = YES;
			};
			name = Release;
		};
		4C5E9BDA1D6D7A640062BB46 /* Debug */ = {
			isa = XCBuildConfiguration;
			buildSettings = {
				ASSETCATALOG_COMPILER_APPICON_NAME = AppIcon;
				INFOPLIST_FILE = MCConstantsExample/Info.plist;
				LD_RUNPATH_SEARCH_PATHS = "$(inherited) @executable_path/Frameworks";
				PRODUCT_BUNDLE_IDENTIFIER = com.imegatron.MCConstantsExample;
				PRODUCT_NAME = "$(TARGET_NAME)";
			};
			name = Debug;
		};
		4C5E9BDB1D6D7A640062BB46 /* Release */ = {
			isa = XCBuildConfiguration;
			buildSettings = {
				ASSETCATALOG_COMPILER_APPICON_NAME = AppIcon;
				INFOPLIST_FILE = MCConstantsExample/Info.plist;
				LD_RUNPATH_SEARCH_PATHS = "$(inherited) @executable_path/Frameworks";
				PRODUCT_BUNDLE_IDENTIFIER = com.imegatron.MCConstantsExample;
				PRODUCT_NAME = "$(TARGET_NAME)";
			};
			name = Release;
		};
/* End XCBuildConfiguration section */

/* Begin XCConfigurationList section */
		4C5E9BBD1D6D7A640062BB46 /* Build configuration list for PBXProject "MCConstantsExample" */ = {
			isa = XCConfigurationList;
			buildConfigurations = (
				4C5E9BD71D6D7A640062BB46 /* Debug */,
				4C5E9BD81D6D7A640062BB46 /* Release */,
			);
			defaultConfigurationIsVisible = 0;
			defaultConfigurationName = Release;
		};
		4C5E9BD91D6D7A640062BB46 /* Build configuration list for PBXNativeTarget "MCConstantsExample" */ = {
			isa = XCConfigurationList;
			buildConfigurations = (
				4C5E9BDA1D6D7A640062BB46 /* Debug */,
				4C5E9BDB1D6D7A640062BB46 /* Release */,
			);
			defaultConfigurationIsVisible = 0;
			defaultConfigurationName = Release;
		};
/* End XCConfigurationList section */
	};
	rootObject = 4C5E9BBA1D6D7A640062BB46 /* Project object */;
}
